
Microsoft Visual Studio Solution File, Format Version 12.00
# Visual Studio Version 17
VisualStudioVersion = 17.4.33205.214
MinimumVisualStudioVersion = 10.0.40219.1
Project("{FAE04EC0-301F-11D3-BF4B-00C04F79EFBC}") = "Yummy_RelationsSite(HomeTask)", "Yummy_RelationsSite(HomeTask)\Yummy_RelationsSite(HomeTask).csproj", "{CCC9FF8E-6007-43A4-A698-568DCB273C02}"
EndProject
Global
	GlobalSection(SolutionConfigurationPlatforms) = preSolution
		Debug|Any CPU = Debug|Any CPU
		Release|Any CPU = Release|Any CPU
	EndGlobalSection
	GlobalSection(ProjectConfigurationPlatforms) = postSolution
		{CCC9FF8E-6007-43A4-A698-568DCB273C02}.Debug|Any CPU.ActiveCfg = Debug|Any CPU
		{CCC9FF8E-6007-43A4-A698-568DCB273C02}.Debug|Any CPU.Build.0 = Debug|Any CPU
		{CCC9FF8E-6007-43A4-A698-568DCB273C02}.Release|Any CPU.ActiveCfg = Release|Any CPU
		{CCC9FF8E-6007-43A4-A698-568DCB273C02}.Release|Any CPU.Build.0 = Release|Any CPU
	EndGlobalSection
	GlobalSection(SolutionProperties) = preSolution
		HideSolutionNode = FALSE
	EndGlobalSection
	GlobalSection(ExtensibilityGlobals) = postSolution
		SolutionGuid = {EC70733D-8E0C-44F0-BB02-E1940216226D}
	EndGlobalSection
EndGlobal
